
Microsoft Visual Studio Solution File, Format Version 12.00
# Visual Studio Version 17
VisualStudioVersion = 17.3.32901.215
MinimumVisualStudioVersion = 10.0.40219.1
Project("{9A19103F-16F7-4668-BE54-9A1E7A4F7556}") = "pilot-brothers-safe", "pilot-brothers-safe.csproj", "{7C2BCDA9-CA17-49AF-9CA5-A9C2F37D6047}"
EndProject
Global
	GlobalSection(SolutionConfigurationPlatforms) = preSolution
		Debug|Any CPU = Debug|Any CPU
		Release|Any CPU = Release|Any CPU
	EndGlobalSection
	GlobalSection(ProjectConfigurationPlatforms) = postSolution
		{7C2BCDA9-CA17-49AF-9CA5-A9C2F37D6047}.Debug|Any CPU.ActiveCfg = Debug|Any CPU
		{7C2BCDA9-CA17-49AF-9CA5-A9C2F37D6047}.Debug|Any CPU.Build.0 = Debug|Any CPU
		{7C2BCDA9-CA17-49AF-9CA5-A9C2F37D6047}.Release|Any CPU.ActiveCfg = Release|Any CPU
		{7C2BCDA9-CA17-49AF-9CA5-A9C2F37D6047}.Release|Any CPU.Build.0 = Release|Any CPU
	EndGlobalSection
	GlobalSection(SolutionProperties) = preSolution
		HideSolutionNode = FALSE
	EndGlobalSection
	GlobalSection(ExtensibilityGlobals) = postSolution
		SolutionGuid = {BBE5B819-93E5-464E-9C7D-75657C62BDE1}
	EndGlobalSection
EndGlobal
